
Microsoft Visual Studio Solution File, Format Version 12.00
# Visual Studio 2012
Project("{FAE04EC0-301F-11D3-BF4B-00C04F79EFBC}") = "SportsStore.Domain", "SportsStore.Domain\SportsStore.Domain.csproj", "{CEBB0C9D-1873-4581-83CA-10B883950090}"
EndProject
Project("{FAE04EC0-301F-11D3-BF4B-00C04F79EFBC}") = "SportsStore.WebUI", "SportsStore.WebUI\SportsStore.WebUI.csproj", "{BAC1E40D-3428-460E-9756-902A07249A08}"
EndProject
Project("{FAE04EC0-301F-11D3-BF4B-00C04F79EFBC}") = "SportsStore.UnitTests", "SportsStore.UnitTests\SportsStore.UnitTests.csproj", "{332A8F09-833E-4457-8765-BE6497B3E6B3}"
EndProject
Global
	GlobalSection(SolutionConfigurationPlatforms) = preSolution
		Debug|Any CPU = Debug|Any CPU
		Release|Any CPU = Release|Any CPU
	EndGlobalSection
	GlobalSection(ProjectConfigurationPlatforms) = postSolution
		{CEBB0C9D-1873-4581-83CA-10B883950090}.Debug|Any CPU.ActiveCfg = Debug|Any CPU
		{CEBB0C9D-1873-4581-83CA-10B883950090}.Debug|Any CPU.Build.0 = Debug|Any CPU
		{CEBB0C9D-1873-4581-83CA-10B883950090}.Release|Any CPU.ActiveCfg = Release|Any CPU
		{CEBB0C9D-1873-4581-83CA-10B883950090}.Release|Any CPU.Build.0 = Release|Any CPU
		{BAC1E40D-3428-460E-9756-902A07249A08}.Debug|Any CPU.ActiveCfg = Debug|Any CPU
		{BAC1E40D-3428-460E-9756-902A07249A08}.Debug|Any CPU.Build.0 = Debug|Any CPU
		{BAC1E40D-3428-460E-9756-902A07249A08}.Release|Any CPU.ActiveCfg = Release|Any CPU
		{BAC1E40D-3428-460E-9756-902A07249A08}.Release|Any CPU.Build.0 = Release|Any CPU
		{332A8F09-833E-4457-8765-BE6497B3E6B3}.Debug|Any CPU.ActiveCfg = Debug|Any CPU
		{332A8F09-833E-4457-8765-BE6497B3E6B3}.Debug|Any CPU.Build.0 = Debug|Any CPU
		{332A8F09-833E-4457-8765-BE6497B3E6B3}.Release|Any CPU.ActiveCfg = Release|Any CPU
		{332A8F09-833E-4457-8765-BE6497B3E6B3}.Release|Any CPU.Build.0 = Release|Any CPU
	EndGlobalSection
	GlobalSection(SolutionProperties) = preSolution
		HideSolutionNode = FALSE
	EndGlobalSection
EndGlobal
